
Microsoft Visual Studio Solution File, Format Version 12.00
# Visual Studio 15
VisualStudioVersion = 15.0.28307.421
MinimumVisualStudioVersion = 10.0.40219.1
Project("{2150E333-8FDC-42A3-9474-1A3956D46DE8}") = "Lesson1", "Lesson1", "{86F619EC-A98B-4C5D-99E4-ACBFA5D1E45C}"
EndProject
Project("{FAE04EC0-301F-11D3-BF4B-00C04F79EFBC}") = "Lesson1.CalcApplication", "Lesson1.CalcApplication\Lesson1.CalcApplication.csproj", "{B8C3CEE1-AA16-43C4-AEA3-A523D09C2B78}"
EndProject
Project("{FAE04EC0-301F-11D3-BF4B-00C04F79EFBC}") = "Lesson1.CalcLib", "Lesson1.CalcLib\Lesson1.CalcLib.csproj", "{2399DC50-221B-4521-84F7-773A6FC4663F}"
EndProject
Project("{2150E333-8FDC-42A3-9474-1A3956D46DE8}") = "Lesson2", "Lesson2", "{F22B4A2D-6C69-4552-8D30-A0AEC78F79EB}"
EndProject
Project("{2150E333-8FDC-42A3-9474-1A3956D46DE8}") = "Solution Items", "Solution Items", "{BE1D7062-1159-403B-9031-95E8FC49FB29}"
	ProjectSection(SolutionItems) = preProject
		README.md = README.md
	EndProjectSection
EndProject
Project("{FAE04EC0-301F-11D3-BF4B-00C04F79EFBC}") = "Lesson2.MySortApplication", "Lesson2.MySortApplication\Lesson2.MySortApplication.csproj", "{1159B888-10BE-41BA-8E61-CB4E0232EA01}"
EndProject
Project("{2150E333-8FDC-42A3-9474-1A3956D46DE8}") = "Lesson3", "Lesson3", "{EC147B83-E984-49A9-9B90-21A1878E6034}"
EndProject
Project("{FAE04EC0-301F-11D3-BF4B-00C04F79EFBC}") = "Lesson3.WebApplication", "Lesson3.WebApplication\Lesson3.WebApplication.csproj", "{E6D3F7F2-EE4A-4BDB-B7AB-00BDFCB3A5E9}"
EndProject
Project("{2150E333-8FDC-42A3-9474-1A3956D46DE8}") = "Lesson4", "Lesson4", "{5F0D17F9-C57E-4835-A06D-2E0D052D1F9B}"
EndProject
Project("{FAE04EC0-301F-11D3-BF4B-00C04F79EFBC}") = "Lesson4.MySPAWebApplication", "Lesson4.MySPAWebApplication\Lesson4.MySPAWebApplication.csproj", "{99303D94-866A-4FA6-9D46-6FB1021BEEBB}"
EndProject
Project("{2150E333-8FDC-42A3-9474-1A3956D46DE8}") = "Lesson5", "Lesson5", "{45726BE7-E6C7-4AFE-BC18-9A6A8FC161E5}"
EndProject
Project("{FAE04EC0-301F-11D3-BF4B-00C04F79EFBC}") = "Lesson5.MyStore", "Lesson5.MyStore\Lesson5.MyStore.csproj", "{C8D8D3FA-2F02-4098-A1C9-4025C83BE1BC}"
EndProject
Project("{2150E333-8FDC-42A3-9474-1A3956D46DE8}") = "Lesson6", "Lesson6", "{D7D2BCC2-32CC-40B5-8539-502F90D6AD0B}"
EndProject
Project("{FAE04EC0-301F-11D3-BF4B-00C04F79EFBC}") = "Lesson6.MySecurityApplication", "Lesson6.MySecurityApplication\Lesson6.MySecurityApplication.csproj", "{0DE10C40-0514-466C-8E6F-D04CE64D234C}"
EndProject
Project("{2150E333-8FDC-42A3-9474-1A3956D46DE8}") = "Lesson7", "Lesson7", "{5C2A9549-3162-4E79-87AB-A879C250167C}"
EndProject
Project("{FAE04EC0-301F-11D3-BF4B-00C04F79EFBC}") = "Lesson7.MyRealTimeApp", "Lesson7.MyRealTimeApp\Lesson7.MyRealTimeApp.csproj", "{EC59058B-0E67-4CF1-AED7-DF8CEF6403C4}"
EndProject
Project("{2150E333-8FDC-42A3-9474-1A3956D46DE8}") = "Lesson8", "Lesson8", "{2C4FE222-217B-415B-882A-66A8956BCBDC}"
EndProject
Project("{FAE04EC0-301F-11D3-BF4B-00C04F79EFBC}") = "Lesson8.InventorySystem", "Lesson8.InventorySystem\Lesson8.InventorySystem.csproj", "{94ED9740-E840-41BA-9061-0870B685E9E8}"
EndProject
Project("{2150E333-8FDC-42A3-9474-1A3956D46DE8}") = "Lesson9", "Lesson9", "{8532663E-E506-459A-AB36-0149D354FC58}"
EndProject
Project("{FAE04EC0-301F-11D3-BF4B-00C04F79EFBC}") = "Lesson9.Core", "Lesson9.Core\Lesson9.Core.csproj", "{F8A92A4D-C44B-474B-8C54-6A34019AF653}"
EndProject
Project("{FAE04EC0-301F-11D3-BF4B-00C04F79EFBC}") = "Lesson9.WebStore", "Lesson9.WebStore\Lesson9.WebStore.csproj", "{36B41CEB-F37B-4454-BF80-9773F89D4602}"
EndProject
Project("{9A19103F-16F7-4668-BE54-9A1E7A4F7556}") = "Lesson9.CoreTest", "Lesson9.CoreTest\Lesson9.CoreTest.csproj", "{950FCCDB-80C0-4468-9F53-B89923B5B88F}"
EndProject
Project("{2150E333-8FDC-42A3-9474-1A3956D46DE8}") = "Lesson10", "Lesson10", "{8D6BADD5-A25B-45EC-AB59-9D047AD69B9F}"
EndProject
Project("{FAE04EC0-301F-11D3-BF4B-00C04F79EFBC}") = "Lesson10.AdvancedWeb", "Lesson10.AdvancedWeb\Lesson10.AdvancedWeb.csproj", "{9E0B764A-D6C4-46A4-B078-F3BC3C7BC504}"
EndProject
Project("{FAE04EC0-301F-11D3-BF4B-00C04F79EFBC}") = "Lesson10.WorkingWithSP", "Lesson10.WorkingWithSP\Lesson10.WorkingWithSP.csproj", "{7C5E7139-824B-4457-BCC4-8973854D9FE8}"
EndProject
Project("{FAE04EC0-301F-11D3-BF4B-00C04F79EFBC}") = "Lesson10.MySPAApplication", "Lesson10.MySPAApplication\Lesson10.MySPAApplication.csproj", "{33371878-DE29-4DE5-B66C-DB0CBB8DFBE0}"
EndProject
Project("{2150E333-8FDC-42A3-9474-1A3956D46DE8}") = "Lesson11", "Lesson11", "{61C24287-E2E4-4B57-B117-08394AB7C945}"
EndProject
Project("{FAE04EC0-301F-11D3-BF4B-00C04F79EFBC}") = "Lesson11.My3tierApplication.BLL", "Lesson11.My3tierApplication.BLL\Lesson11.My3tierApplication.BLL.csproj", "{11C0464C-703F-4E82-AEA1-97A80E9FCC8F}"
EndProject
Project("{FAE04EC0-301F-11D3-BF4B-00C04F79EFBC}") = "Lesson11.My3tierApplication.DAL", "Lesson11.My3tierApplication.DAL\Lesson11.My3tierApplication.DAL.csproj", "{B3B8D29B-505D-4FF7-8BC0-FD722BD5C296}"
EndProject
Project("{FAE04EC0-301F-11D3-BF4B-00C04F79EFBC}") = "Lesson11.My3tierApplication.Core", "Lesson11.My3tierApplication.Core\Lesson11.My3tierApplication.Core.csproj", "{A30C1ABF-065C-466F-8F49-E9922E1FE043}"
EndProject
Project("{FAE04EC0-301F-11D3-BF4B-00C04F79EFBC}") = "Lesson11.My3tierApplication", "Lesson11.My3tierApplication\Lesson11.My3tierApplication.csproj", "{8745D707-58B1-49C8-8EC7-9B24A062BBF0}"
EndProject
Project("{FAE04EC0-301F-11D3-BF4B-00C04F79EFBC}") = "Lesson11.BLL.Test", "Lesson11.BLL.Test\Lesson11.BLL.Test.csproj", "{5EAB046D-1226-4F17-B7A7-573CD9213D79}"
EndProject
Project("{FAE04EC0-301F-11D3-BF4B-00C04F79EFBC}") = "Lesson11.DAL.Test", "Lesson11.DAL.Test\Lesson11.DAL.Test.csproj", "{F6C5E57E-8BD0-4B83-A4A7-2FFFE39A6297}"
EndProject
Project("{FAE04EC0-301F-11D3-BF4B-00C04F79EFBC}") = "Lesson11.MyODataService", "Lesson11.MyODataService\Lesson11.MyODataService.csproj", "{3742172B-5727-4822-86C8-16F09E509C65}"
EndProject
Project("{2150E333-8FDC-42A3-9474-1A3956D46DE8}") = "Lesson12", "Lesson12", "{B88DD552-89E1-4F90-BC98-DEC2C92F298D}"
EndProject
Project("{FAE04EC0-301F-11D3-BF4B-00C04F79EFBC}") = "Lesson12.MyCoolStore.Application", "Lesson12.MyCoolStore.Application\Lesson12.MyCoolStore.Application.csproj", "{5BF4FF54-EBBA-4670-ACB0-C047DA15056A}"
EndProject
Global
	GlobalSection(SolutionConfigurationPlatforms) = preSolution
		Debug|Any CPU = Debug|Any CPU
		Release|Any CPU = Release|Any CPU
	EndGlobalSection
	GlobalSection(ProjectConfigurationPlatforms) = postSolution
		{B8C3CEE1-AA16-43C4-AEA3-A523D09C2B78}.Debug|Any CPU.ActiveCfg = Debug|Any CPU
		{B8C3CEE1-AA16-43C4-AEA3-A523D09C2B78}.Debug|Any CPU.Build.0 = Debug|Any CPU
		{B8C3CEE1-AA16-43C4-AEA3-A523D09C2B78}.Release|Any CPU.ActiveCfg = Release|Any CPU
		{B8C3CEE1-AA16-43C4-AEA3-A523D09C2B78}.Release|Any CPU.Build.0 = Release|Any CPU
		{2399DC50-221B-4521-84F7-773A6FC4663F}.Debug|Any CPU.ActiveCfg = Debug|Any CPU
		{2399DC50-221B-4521-84F7-773A6FC4663F}.Debug|Any CPU.Build.0 = Debug|Any CPU
		{2399DC50-221B-4521-84F7-773A6FC4663F}.Release|Any CPU.ActiveCfg = Release|Any CPU
		{2399DC50-221B-4521-84F7-773A6FC4663F}.Release|Any CPU.Build.0 = Release|Any CPU
		{1159B888-10BE-41BA-8E61-CB4E0232EA01}.Debug|Any CPU.ActiveCfg = Debug|Any CPU
		{1159B888-10BE-41BA-8E61-CB4E0232EA01}.Debug|Any CPU.Build.0 = Debug|Any CPU
		{1159B888-10BE-41BA-8E61-CB4E0232EA01}.Release|Any CPU.ActiveCfg = Release|Any CPU
		{1159B888-10BE-41BA-8E61-CB4E0232EA01}.Release|Any CPU.Build.0 = Release|Any CPU
		{E6D3F7F2-EE4A-4BDB-B7AB-00BDFCB3A5E9}.Debug|Any CPU.ActiveCfg = Debug|Any CPU
		{E6D3F7F2-EE4A-4BDB-B7AB-00BDFCB3A5E9}.Debug|Any CPU.Build.0 = Debug|Any CPU
		{E6D3F7F2-EE4A-4BDB-B7AB-00BDFCB3A5E9}.Release|Any CPU.ActiveCfg = Release|Any CPU
		{E6D3F7F2-EE4A-4BDB-B7AB-00BDFCB3A5E9}.Release|Any CPU.Build.0 = Release|Any CPU
		{99303D94-866A-4FA6-9D46-6FB1021BEEBB}.Debug|Any CPU.ActiveCfg = Debug|Any CPU
		{99303D94-866A-4FA6-9D46-6FB1021BEEBB}.Debug|Any CPU.Build.0 = Debug|Any CPU
		{99303D94-866A-4FA6-9D46-6FB1021BEEBB}.Release|Any CPU.ActiveCfg = Release|Any CPU
		{99303D94-866A-4FA6-9D46-6FB1021BEEBB}.Release|Any CPU.Build.0 = Release|Any CPU
		{C8D8D3FA-2F02-4098-A1C9-4025C83BE1BC}.Debug|Any CPU.ActiveCfg = Debug|Any CPU
		{C8D8D3FA-2F02-4098-A1C9-4025C83BE1BC}.Debug|Any CPU.Build.0 = Debug|Any CPU
		{C8D8D3FA-2F02-4098-A1C9-4025C83BE1BC}.Release|Any CPU.ActiveCfg = Release|Any CPU
		{C8D8D3FA-2F02-4098-A1C9-4025C83BE1BC}.Release|Any CPU.Build.0 = Release|Any CPU
		{0DE10C40-0514-466C-8E6F-D04CE64D234C}.Debug|Any CPU.ActiveCfg = Debug|Any CPU
		{0DE10C40-0514-466C-8E6F-D04CE64D234C}.Debug|Any CPU.Build.0 = Debug|Any CPU
		{0DE10C40-0514-466C-8E6F-D04CE64D234C}.Release|Any CPU.ActiveCfg = Release|Any CPU
		{0DE10C40-0514-466C-8E6F-D04CE64D234C}.Release|Any CPU.Build.0 = Release|Any CPU
		{EC59058B-0E67-4CF1-AED7-DF8CEF6403C4}.Debug|Any CPU.ActiveCfg = Debug|Any CPU
		{EC59058B-0E67-4CF1-AED7-DF8CEF6403C4}.Debug|Any CPU.Build.0 = Debug|Any CPU
		{EC59058B-0E67-4CF1-AED7-DF8CEF6403C4}.Release|Any CPU.ActiveCfg = Release|Any CPU
		{EC59058B-0E67-4CF1-AED7-DF8CEF6403C4}.Release|Any CPU.Build.0 = Release|Any CPU
		{94ED9740-E840-41BA-9061-0870B685E9E8}.Debug|Any CPU.ActiveCfg = Debug|Any CPU
		{94ED9740-E840-41BA-9061-0870B685E9E8}.Debug|Any CPU.Build.0 = Debug|Any CPU
		{94ED9740-E840-41BA-9061-0870B685E9E8}.Release|Any CPU.ActiveCfg = Release|Any CPU
		{94ED9740-E840-41BA-9061-0870B685E9E8}.Release|Any CPU.Build.0 = Release|Any CPU
		{F8A92A4D-C44B-474B-8C54-6A34019AF653}.Debug|Any CPU.ActiveCfg = Debug|Any CPU
		{F8A92A4D-C44B-474B-8C54-6A34019AF653}.Debug|Any CPU.Build.0 = Debug|Any CPU
		{F8A92A4D-C44B-474B-8C54-6A34019AF653}.Release|Any CPU.ActiveCfg = Release|Any CPU
		{F8A92A4D-C44B-474B-8C54-6A34019AF653}.Release|Any CPU.Build.0 = Release|Any CPU
		{36B41CEB-F37B-4454-BF80-9773F89D4602}.Debug|Any CPU.ActiveCfg = Debug|Any CPU
		{36B41CEB-F37B-4454-BF80-9773F89D4602}.Debug|Any CPU.Build.0 = Debug|Any CPU
		{36B41CEB-F37B-4454-BF80-9773F89D4602}.Release|Any CPU.ActiveCfg = Release|Any CPU
		{36B41CEB-F37B-4454-BF80-9773F89D4602}.Release|Any CPU.Build.0 = Release|Any CPU
		{950FCCDB-80C0-4468-9F53-B89923B5B88F}.Debug|Any CPU.ActiveCfg = Debug|Any CPU
		{950FCCDB-80C0-4468-9F53-B89923B5B88F}.Debug|Any CPU.Build.0 = Debug|Any CPU
		{950FCCDB-80C0-4468-9F53-B89923B5B88F}.Release|Any CPU.ActiveCfg = Release|Any CPU
		{950FCCDB-80C0-4468-9F53-B89923B5B88F}.Release|Any CPU.Build.0 = Release|Any CPU
		{9E0B764A-D6C4-46A4-B078-F3BC3C7BC504}.Debug|Any CPU.ActiveCfg = Debug|Any CPU
		{9E0B764A-D6C4-46A4-B078-F3BC3C7BC504}.Debug|Any CPU.Build.0 = Debug|Any CPU
		{9E0B764A-D6C4-46A4-B078-F3BC3C7BC504}.Release|Any CPU.ActiveCfg = Release|Any CPU
		{9E0B764A-D6C4-46A4-B078-F3BC3C7BC504}.Release|Any CPU.Build.0 = Release|Any CPU
		{7C5E7139-824B-4457-BCC4-8973854D9FE8}.Debug|Any CPU.ActiveCfg = Debug|Any CPU
		{7C5E7139-824B-4457-BCC4-8973854D9FE8}.Debug|Any CPU.Build.0 = Debug|Any CPU
		{7C5E7139-824B-4457-BCC4-8973854D9FE8}.Release|Any CPU.ActiveCfg = Release|Any CPU
		{7C5E7139-824B-4457-BCC4-8973854D9FE8}.Release|Any CPU.Build.0 = Release|Any CPU
		{33371878-DE29-4DE5-B66C-DB0CBB8DFBE0}.Debug|Any CPU.ActiveCfg = Debug|Any CPU
		{33371878-DE29-4DE5-B66C-DB0CBB8DFBE0}.Debug|Any CPU.Build.0 = Debug|Any CPU
		{33371878-DE29-4DE5-B66C-DB0CBB8DFBE0}.Release|Any CPU.ActiveCfg = Release|Any CPU
		{33371878-DE29-4DE5-B66C-DB0CBB8DFBE0}.Release|Any CPU.Build.0 = Release|Any CPU
		{11C0464C-703F-4E82-AEA1-97A80E9FCC8F}.Debug|Any CPU.ActiveCfg = Debug|Any CPU
		{11C0464C-703F-4E82-AEA1-97A80E9FCC8F}.Debug|Any CPU.Build.0 = Debug|Any CPU
		{11C0464C-703F-4E82-AEA1-97A80E9FCC8F}.Release|Any CPU.ActiveCfg = Release|Any CPU
		{11C0464C-703F-4E82-AEA1-97A80E9FCC8F}.Release|Any CPU.Build.0 = Release|Any CPU
		{B3B8D29B-505D-4FF7-8BC0-FD722BD5C296}.Debug|Any CPU.ActiveCfg = Debug|Any CPU
		{B3B8D29B-505D-4FF7-8BC0-FD722BD5C296}.Debug|Any CPU.Build.0 = Debug|Any CPU
		{B3B8D29B-505D-4FF7-8BC0-FD722BD5C296}.Release|Any CPU.ActiveCfg = Release|Any CPU
		{B3B8D29B-505D-4FF7-8BC0-FD722BD5C296}.Release|Any CPU.Build.0 = Release|Any CPU
		{A30C1ABF-065C-466F-8F49-E9922E1FE043}.Debug|Any CPU.ActiveCfg = Debug|Any CPU
		{A30C1ABF-065C-466F-8F49-E9922E1FE043}.Debug|Any CPU.Build.0 = Debug|Any CPU
		{A30C1ABF-065C-466F-8F49-E9922E1FE043}.Release|Any CPU.ActiveCfg = Release|Any CPU
		{A30C1ABF-065C-466F-8F49-E9922E1FE043}.Release|Any CPU.Build.0 = Release|Any CPU
		{8745D707-58B1-49C8-8EC7-9B24A062BBF0}.Debug|Any CPU.ActiveCfg = Debug|Any CPU
		{8745D707-58B1-49C8-8EC7-9B24A062BBF0}.Debug|Any CPU.Build.0 = Debug|Any CPU
		{8745D707-58B1-49C8-8EC7-9B24A062BBF0}.Release|Any CPU.ActiveCfg = Release|Any CPU
		{8745D707-58B1-49C8-8EC7-9B24A062BBF0}.Release|Any CPU.Build.0 = Release|Any CPU
		{5EAB046D-1226-4F17-B7A7-573CD9213D79}.Debug|Any CPU.ActiveCfg = Debug|Any CPU
		{5EAB046D-1226-4F17-B7A7-573CD9213D79}.Debug|Any CPU.Build.0 = Debug|Any CPU
		{5EAB046D-1226-4F17-B7A7-573CD9213D79}.Release|Any CPU.ActiveCfg = Release|Any CPU
		{5EAB046D-1226-4F17-B7A7-573CD9213D79}.Release|Any CPU.Build.0 = Release|Any CPU
		{F6C5E57E-8BD0-4B83-A4A7-2FFFE39A6297}.Debug|Any CPU.ActiveCfg = Debug|Any CPU
		{F6C5E57E-8BD0-4B83-A4A7-2FFFE39A6297}.Debug|Any CPU.Build.0 = Debug|Any CPU
		{F6C5E57E-8BD0-4B83-A4A7-2FFFE39A6297}.Release|Any CPU.ActiveCfg = Release|Any CPU
		{F6C5E57E-8BD0-4B83-A4A7-2FFFE39A6297}.Release|Any CPU.Build.0 = Release|Any CPU
		{3742172B-5727-4822-86C8-16F09E509C65}.Debug|Any CPU.ActiveCfg = Debug|Any CPU
		{3742172B-5727-4822-86C8-16F09E509C65}.Debug|Any CPU.Build.0 = Debug|Any CPU
		{3742172B-5727-4822-86C8-16F09E509C65}.Release|Any CPU.ActiveCfg = Release|Any CPU
		{3742172B-5727-4822-86C8-16F09E509C65}.Release|Any CPU.Build.0 = Release|Any CPU
		{5BF4FF54-EBBA-4670-ACB0-C047DA15056A}.Debug|Any CPU.ActiveCfg = Debug|Any CPU
		{5BF4FF54-EBBA-4670-ACB0-C047DA15056A}.Debug|Any CPU.Build.0 = Debug|Any CPU
		{5BF4FF54-EBBA-4670-ACB0-C047DA15056A}.Release|Any CPU.ActiveCfg = Release|Any CPU
		{5BF4FF54-EBBA-4670-ACB0-C047DA15056A}.Release|Any CPU.Build.0 = Release|Any CPU
	EndGlobalSection
	GlobalSection(SolutionProperties) = preSolution
		HideSolutionNode = FALSE
	EndGlobalSection
	GlobalSection(NestedProjects) = preSolution
		{B8C3CEE1-AA16-43C4-AEA3-A523D09C2B78} = {86F619EC-A98B-4C5D-99E4-ACBFA5D1E45C}
		{2399DC50-221B-4521-84F7-773A6FC4663F} = {86F619EC-A98B-4C5D-99E4-ACBFA5D1E45C}
		{1159B888-10BE-41BA-8E61-CB4E0232EA01} = {F22B4A2D-6C69-4552-8D30-A0AEC78F79EB}
		{E6D3F7F2-EE4A-4BDB-B7AB-00BDFCB3A5E9} = {EC147B83-E984-49A9-9B90-21A1878E6034}
		{99303D94-866A-4FA6-9D46-6FB1021BEEBB} = {5F0D17F9-C57E-4835-A06D-2E0D052D1F9B}
		{C8D8D3FA-2F02-4098-A1C9-4025C83BE1BC} = {45726BE7-E6C7-4AFE-BC18-9A6A8FC161E5}
		{0DE10C40-0514-466C-8E6F-D04CE64D234C} = {D7D2BCC2-32CC-40B5-8539-502F90D6AD0B}
		{EC59058B-0E67-4CF1-AED7-DF8CEF6403C4} = {5C2A9549-3162-4E79-87AB-A879C250167C}
		{94ED9740-E840-41BA-9061-0870B685E9E8} = {2C4FE222-217B-415B-882A-66A8956BCBDC}
		{F8A92A4D-C44B-474B-8C54-6A34019AF653} = {8532663E-E506-459A-AB36-0149D354FC58}
		{36B41CEB-F37B-4454-BF80-9773F89D4602} = {8532663E-E506-459A-AB36-0149D354FC58}
		{950FCCDB-80C0-4468-9F53-B89923B5B88F} = {8532663E-E506-459A-AB36-0149D354FC58}
		{9E0B764A-D6C4-46A4-B078-F3BC3C7BC504} = {8D6BADD5-A25B-45EC-AB59-9D047AD69B9F}
		{7C5E7139-824B-4457-BCC4-8973854D9FE8} = {8D6BADD5-A25B-45EC-AB59-9D047AD69B9F}
		{33371878-DE29-4DE5-B66C-DB0CBB8DFBE0} = {8D6BADD5-A25B-45EC-AB59-9D047AD69B9F}
		{11C0464C-703F-4E82-AEA1-97A80E9FCC8F} = {61C24287-E2E4-4B57-B117-08394AB7C945}
		{B3B8D29B-505D-4FF7-8BC0-FD722BD5C296} = {61C24287-E2E4-4B57-B117-08394AB7C945}
		{A30C1ABF-065C-466F-8F49-E9922E1FE043} = {61C24287-E2E4-4B57-B117-08394AB7C945}
		{8745D707-58B1-49C8-8EC7-9B24A062BBF0} = {61C24287-E2E4-4B57-B117-08394AB7C945}
		{5EAB046D-1226-4F17-B7A7-573CD9213D79} = {61C24287-E2E4-4B57-B117-08394AB7C945}
		{F6C5E57E-8BD0-4B83-A4A7-2FFFE39A6297} = {61C24287-E2E4-4B57-B117-08394AB7C945}
		{3742172B-5727-4822-86C8-16F09E509C65} = {61C24287-E2E4-4B57-B117-08394AB7C945}
		{5BF4FF54-EBBA-4670-ACB0-C047DA15056A} = {B88DD552-89E1-4F90-BC98-DEC2C92F298D}
	EndGlobalSection
	GlobalSection(ExtensibilityGlobals) = postSolution
		SolutionGuid = {3450652D-8F55-4A74-A423-9D071C34D18E}
	EndGlobalSection
EndGlobal
