
Microsoft Visual Studio Solution File, Format Version 12.00
# Visual Studio 15
VisualStudioVersion = 15.0.28307.421
MinimumVisualStudioVersion = 10.0.40219.1
Project("{2150E333-8FDC-42A3-9474-1A3956D46DE8}") = "Lesson1", "Lesson1", "{86F619EC-A98B-4C5D-99E4-ACBFA5D1E45C}"
EndProject
Project("{FAE04EC0-301F-11D3-BF4B-00C04F79EFBC}") = "Lesson1.CalcApplication", "Lesson1.CalcApplication\Lesson1.CalcApplication.csproj", "{B8C3CEE1-AA16-43C4-AEA3-A523D09C2B78}"
EndProject
Project("{FAE04EC0-301F-11D3-BF4B-00C04F79EFBC}") = "Lesson1.CalcLib", "Lesson1.CalcLib\Lesson1.CalcLib.csproj", "{2399DC50-221B-4521-84F7-773A6FC4663F}"
EndProject
Project("{2150E333-8FDC-42A3-9474-1A3956D46DE8}") = "Lesson2", "Lesson2", "{F22B4A2D-6C69-4552-8D30-A0AEC78F79EB}"
EndProject
Project("{2150E333-8FDC-42A3-9474-1A3956D46DE8}") = "Solution Items", "Solution Items", "{BE1D7062-1159-403B-9031-95E8FC49FB29}"
	ProjectSection(SolutionItems) = preProject
		README.md = README.md
	EndProjectSection
EndProject
Project("{FAE04EC0-301F-11D3-BF4B-00C04F79EFBC}") = "Lesson2.MySortApplication", "Lesson2.MySortApplication\Lesson2.MySortApplication.csproj", "{1159B888-10BE-41BA-8E61-CB4E0232EA01}"
EndProject
Project("{2150E333-8FDC-42A3-9474-1A3956D46DE8}") = "Lesson3", "Lesson3", "{EC147B83-E984-49A9-9B90-21A1878E6034}"
EndProject
Project("{FAE04EC0-301F-11D3-BF4B-00C04F79EFBC}") = "Lesson3.WebApplication", "Lesson3.WebApplication\Lesson3.WebApplication.csproj", "{E6D3F7F2-EE4A-4BDB-B7AB-00BDFCB3A5E9}"
EndProject
Project("{2150E333-8FDC-42A3-9474-1A3956D46DE8}") = "Lesson4", "Lesson4", "{5F0D17F9-C57E-4835-A06D-2E0D052D1F9B}"
EndProject
Project("{FAE04EC0-301F-11D3-BF4B-00C04F79EFBC}") = "Lesson4.MySPAWebApplication", "Lesson4.MySPAWebApplication\Lesson4.MySPAWebApplication.csproj", "{99303D94-866A-4FA6-9D46-6FB1021BEEBB}"
EndProject
Project("{2150E333-8FDC-42A3-9474-1A3956D46DE8}") = "Lesson5", "Lesson5", "{45726BE7-E6C7-4AFE-BC18-9A6A8FC161E5}"
EndProject
Project("{FAE04EC0-301F-11D3-BF4B-00C04F79EFBC}") = "Lesson5.MyStore", "Lesson5.MyStore\Lesson5.MyStore.csproj", "{C8D8D3FA-2F02-4098-A1C9-4025C83BE1BC}"
EndProject
Global
	GlobalSection(SolutionConfigurationPlatforms) = preSolution
		Debug|Any CPU = Debug|Any CPU
		Release|Any CPU = Release|Any CPU
	EndGlobalSection
	GlobalSection(ProjectConfigurationPlatforms) = postSolution
		{B8C3CEE1-AA16-43C4-AEA3-A523D09C2B78}.Debug|Any CPU.ActiveCfg = Debug|Any CPU
		{B8C3CEE1-AA16-43C4-AEA3-A523D09C2B78}.Debug|Any CPU.Build.0 = Debug|Any CPU
		{B8C3CEE1-AA16-43C4-AEA3-A523D09C2B78}.Release|Any CPU.ActiveCfg = Release|Any CPU
		{B8C3CEE1-AA16-43C4-AEA3-A523D09C2B78}.Release|Any CPU.Build.0 = Release|Any CPU
		{2399DC50-221B-4521-84F7-773A6FC4663F}.Debug|Any CPU.ActiveCfg = Debug|Any CPU
		{2399DC50-221B-4521-84F7-773A6FC4663F}.Debug|Any CPU.Build.0 = Debug|Any CPU
		{2399DC50-221B-4521-84F7-773A6FC4663F}.Release|Any CPU.ActiveCfg = Release|Any CPU
		{2399DC50-221B-4521-84F7-773A6FC4663F}.Release|Any CPU.Build.0 = Release|Any CPU
		{1159B888-10BE-41BA-8E61-CB4E0232EA01}.Debug|Any CPU.ActiveCfg = Debug|Any CPU
		{1159B888-10BE-41BA-8E61-CB4E0232EA01}.Debug|Any CPU.Build.0 = Debug|Any CPU
		{1159B888-10BE-41BA-8E61-CB4E0232EA01}.Release|Any CPU.ActiveCfg = Release|Any CPU
		{1159B888-10BE-41BA-8E61-CB4E0232EA01}.Release|Any CPU.Build.0 = Release|Any CPU
		{E6D3F7F2-EE4A-4BDB-B7AB-00BDFCB3A5E9}.Debug|Any CPU.ActiveCfg = Debug|Any CPU
		{E6D3F7F2-EE4A-4BDB-B7AB-00BDFCB3A5E9}.Debug|Any CPU.Build.0 = Debug|Any CPU
		{E6D3F7F2-EE4A-4BDB-B7AB-00BDFCB3A5E9}.Release|Any CPU.ActiveCfg = Release|Any CPU
		{E6D3F7F2-EE4A-4BDB-B7AB-00BDFCB3A5E9}.Release|Any CPU.Build.0 = Release|Any CPU
		{99303D94-866A-4FA6-9D46-6FB1021BEEBB}.Debug|Any CPU.ActiveCfg = Debug|Any CPU
		{99303D94-866A-4FA6-9D46-6FB1021BEEBB}.Debug|Any CPU.Build.0 = Debug|Any CPU
		{99303D94-866A-4FA6-9D46-6FB1021BEEBB}.Release|Any CPU.ActiveCfg = Release|Any CPU
		{99303D94-866A-4FA6-9D46-6FB1021BEEBB}.Release|Any CPU.Build.0 = Release|Any CPU
		{C8D8D3FA-2F02-4098-A1C9-4025C83BE1BC}.Debug|Any CPU.ActiveCfg = Debug|Any CPU
		{C8D8D3FA-2F02-4098-A1C9-4025C83BE1BC}.Debug|Any CPU.Build.0 = Debug|Any CPU
		{C8D8D3FA-2F02-4098-A1C9-4025C83BE1BC}.Release|Any CPU.ActiveCfg = Release|Any CPU
		{C8D8D3FA-2F02-4098-A1C9-4025C83BE1BC}.Release|Any CPU.Build.0 = Release|Any CPU
	EndGlobalSection
	GlobalSection(SolutionProperties) = preSolution
		HideSolutionNode = FALSE
	EndGlobalSection
	GlobalSection(NestedProjects) = preSolution
		{B8C3CEE1-AA16-43C4-AEA3-A523D09C2B78} = {86F619EC-A98B-4C5D-99E4-ACBFA5D1E45C}
		{2399DC50-221B-4521-84F7-773A6FC4663F} = {86F619EC-A98B-4C5D-99E4-ACBFA5D1E45C}
		{1159B888-10BE-41BA-8E61-CB4E0232EA01} = {F22B4A2D-6C69-4552-8D30-A0AEC78F79EB}
		{E6D3F7F2-EE4A-4BDB-B7AB-00BDFCB3A5E9} = {EC147B83-E984-49A9-9B90-21A1878E6034}
		{99303D94-866A-4FA6-9D46-6FB1021BEEBB} = {5F0D17F9-C57E-4835-A06D-2E0D052D1F9B}
		{C8D8D3FA-2F02-4098-A1C9-4025C83BE1BC} = {45726BE7-E6C7-4AFE-BC18-9A6A8FC161E5}
	EndGlobalSection
	GlobalSection(ExtensibilityGlobals) = postSolution
		SolutionGuid = {3450652D-8F55-4A74-A423-9D071C34D18E}
	EndGlobalSection
EndGlobal
